
Microsoft Visual Studio Solution File, Format Version 12.00
# Visual Studio Version 16
VisualStudioVersion = 16.0.31727.386
MinimumVisualStudioVersion = 10.0.40219.1
Project("{8BC9CEB8-8B4A-11D0-8D11-00A0C91BC942}") = "firstGUITrial", "firstGUITrial.vcxproj", "{942DFCDA-A137-451A-B2C4-57E5E6BCD935}"
EndProject
Global
	GlobalSection(SolutionConfigurationPlatforms) = preSolution
		Debug|x64 = Debug|x64
		Debug|x86 = Debug|x86
		Release|x64 = Release|x64
		Release|x86 = Release|x86
	EndGlobalSection
	GlobalSection(ProjectConfigurationPlatforms) = postSolution
		{942DFCDA-A137-451A-B2C4-57E5E6BCD935}.Debug|x64.ActiveCfg = Debug|x64
		{942DFCDA-A137-451A-B2C4-57E5E6BCD935}.Debug|x64.Build.0 = Debug|x64
		{942DFCDA-A137-451A-B2C4-57E5E6BCD935}.Debug|x86.ActiveCfg = Debug|Win32
		{942DFCDA-A137-451A-B2C4-57E5E6BCD935}.Debug|x86.Build.0 = Debug|Win32
		{942DFCDA-A137-451A-B2C4-57E5E6BCD935}.Release|x64.ActiveCfg = Release|x64
		{942DFCDA-A137-451A-B2C4-57E5E6BCD935}.Release|x64.Build.0 = Release|x64
		{942DFCDA-A137-451A-B2C4-57E5E6BCD935}.Release|x86.ActiveCfg = Release|Win32
		{942DFCDA-A137-451A-B2C4-57E5E6BCD935}.Release|x86.Build.0 = Release|Win32
	EndGlobalSection
	GlobalSection(SolutionProperties) = preSolution
		HideSolutionNode = FALSE
	EndGlobalSection
	GlobalSection(ExtensibilityGlobals) = postSolution
		SolutionGuid = {74208399-0EB7-4EA5-885F-1C5DD49D4A72}
	EndGlobalSection
EndGlobal
